// !$*UTF8*$!
{
	archiveVersion = 1;
	classes = {
	};
	objectVersion = 56;
	objects = {

/* Begin PBXBuildFile section */
		140E1DA32AA0CB9A001A3B7C /* Results.swift in Sources */ = {isa = PBXBuildFile; fileRef = 140E1DA22AA0CB9A001A3B7C /* Results.swift */; };
		142074192AA24F4900EE3CEE /* ViewModel-EV.swift in Sources */ = {isa = PBXBuildFile; fileRef = 142074182AA24F4900EE3CEE /* ViewModel-EV.swift */; };
		14518E4E2AA1294F00BF999B /* ViewModel-CV.swift in Sources */ = {isa = PBXBuildFile; fileRef = 14518E4D2AA1294F00BF999B /* ViewModel-CV.swift */; };
		148019E72A9F56DC00E3C9A4 /* BucketListApp.swift in Sources */ = {isa = PBXBuildFile; fileRef = 148019E62A9F56DC00E3C9A4 /* BucketListApp.swift */; };
		148019E92A9F56DC00E3C9A4 /* ContentView.swift in Sources */ = {isa = PBXBuildFile; fileRef = 148019E82A9F56DC00E3C9A4 /* ContentView.swift */; };
		148019EB2A9F56DD00E3C9A4 /* Assets.xcassets in Resources */ = {isa = PBXBuildFile; fileRef = 148019EA2A9F56DD00E3C9A4 /* Assets.xcassets */; };
		148019EE2A9F56DD00E3C9A4 /* Preview Assets.xcassets in Resources */ = {isa = PBXBuildFile; fileRef = 148019ED2A9F56DD00E3C9A4 /* Preview Assets.xcassets */; };
		148019F52A9F620C00E3C9A4 /* FileMangerExtension.swift in Sources */ = {isa = PBXBuildFile; fileRef = 148019F42A9F620C00E3C9A4 /* FileMangerExtension.swift */; };
		14E66DF42A9FDCF500A7051C /* Location.swift in Sources */ = {isa = PBXBuildFile; fileRef = 14E66DF32A9FDCF500A7051C /* Location.swift */; };
		14E66DF82A9FEAC900A7051C /* EditView.swift in Sources */ = {isa = PBXBuildFile; fileRef = 14E66DF72A9FEAC900A7051C /* EditView.swift */; };
/* End PBXBuildFile section */

/* Begin PBXFileReference section */
		140E1DA22AA0CB9A001A3B7C /* Results.swift */ = {isa = PBXFileReference; lastKnownFileType = sourcecode.swift; path = Results.swift; sourceTree = "<group>"; };
		142074182AA24F4900EE3CEE /* ViewModel-EV.swift */ = {isa = PBXFileReference; lastKnownFileType = sourcecode.swift; path = "ViewModel-EV.swift"; sourceTree = "<group>"; };
		14518E4D2AA1294F00BF999B /* ViewModel-CV.swift */ = {isa = PBXFileReference; lastKnownFileType = sourcecode.swift; path = "ViewModel-CV.swift"; sourceTree = "<group>"; };
		148019E32A9F56DC00E3C9A4 /* BucketList.app */ = {isa = PBXFileReference; explicitFileType = wrapper.application; includeInIndex = 0; path = BucketList.app; sourceTree = BUILT_PRODUCTS_DIR; };
		148019E62A9F56DC00E3C9A4 /* BucketListApp.swift */ = {isa = PBXFileReference; lastKnownFileType = sourcecode.swift; path = BucketListApp.swift; sourceTree = "<group>"; };
		148019E82A9F56DC00E3C9A4 /* ContentView.swift */ = {isa = PBXFileReference; lastKnownFileType = sourcecode.swift; path = ContentView.swift; sourceTree = "<group>"; };
		148019EA2A9F56DD00E3C9A4 /* Assets.xcassets */ = {isa = PBXFileReference; lastKnownFileType = folder.assetcatalog; path = Assets.xcassets; sourceTree = "<group>"; };
		148019ED2A9F56DD00E3C9A4 /* Preview Assets.xcassets */ = {isa = PBXFileReference; lastKnownFileType = folder.assetcatalog; path = "Preview Assets.xcassets"; sourceTree = "<group>"; };
		148019F42A9F620C00E3C9A4 /* FileMangerExtension.swift */ = {isa = PBXFileReference; lastKnownFileType = sourcecode.swift; path = FileMangerExtension.swift; sourceTree = "<group>"; };
		14E66DF32A9FDCF500A7051C /* Location.swift */ = {isa = PBXFileReference; lastKnownFileType = sourcecode.swift; path = Location.swift; sourceTree = "<group>"; };
		14E66DF72A9FEAC900A7051C /* EditView.swift */ = {isa = PBXFileReference; lastKnownFileType = sourcecode.swift; path = EditView.swift; sourceTree = "<group>"; };
/* End PBXFileReference section */

/* Begin PBXFrameworksBuildPhase section */
		148019E02A9F56DC00E3C9A4 /* Frameworks */ = {
			isa = PBXFrameworksBuildPhase;
			buildActionMask = 2147483647;
			files = (
			);
			runOnlyForDeploymentPostprocessing = 0;
		};
/* End PBXFrameworksBuildPhase section */

/* Begin PBXGroup section */
		14518E4F2AA12ABD00BF999B /* ViewModel */ = {
			isa = PBXGroup;
			children = (
				14518E4D2AA1294F00BF999B /* ViewModel-CV.swift */,
				142074182AA24F4900EE3CEE /* ViewModel-EV.swift */,
			);
			path = ViewModel;
			sourceTree = "<group>";
		};
		14518E502AA12AD400BF999B /* View */ = {
			isa = PBXGroup;
			children = (
				148019E82A9F56DC00E3C9A4 /* ContentView.swift */,
				14E66DF72A9FEAC900A7051C /* EditView.swift */,
			);
			path = View;
			sourceTree = "<group>";
		};
		14518E512AA12AF900BF999B /* Model */ = {
			isa = PBXGroup;
			children = (
				140E1DA22AA0CB9A001A3B7C /* Results.swift */,
				14E66DF32A9FDCF500A7051C /* Location.swift */,
				148019F42A9F620C00E3C9A4 /* FileMangerExtension.swift */,
			);
			path = Model;
			sourceTree = "<group>";
		};
		148019DA2A9F56DC00E3C9A4 = {
			isa = PBXGroup;
			children = (
				148019E52A9F56DC00E3C9A4 /* BucketList */,
				148019E42A9F56DC00E3C9A4 /* Products */,
			);
			sourceTree = "<group>";
		};
		148019E42A9F56DC00E3C9A4 /* Products */ = {
			isa = PBXGroup;
			children = (
				148019E32A9F56DC00E3C9A4 /* BucketList.app */,
			);
			name = Products;
			sourceTree = "<group>";
		};
		148019E52A9F56DC00E3C9A4 /* BucketList */ = {
			isa = PBXGroup;
			children = (
				148019E62A9F56DC00E3C9A4 /* BucketListApp.swift */,
				14518E502AA12AD400BF999B /* View */,
				14518E4F2AA12ABD00BF999B /* ViewModel */,
				14518E512AA12AF900BF999B /* Model */,
				148019EA2A9F56DD00E3C9A4 /* Assets.xcassets */,
				148019EC2A9F56DD00E3C9A4 /* Preview Content */,
			);
			path = BucketList;
			sourceTree = "<group>";
		};
		148019EC2A9F56DD00E3C9A4 /* Preview Content */ = {
			isa = PBXGroup;
			children = (
				148019ED2A9F56DD00E3C9A4 /* Preview Assets.xcassets */,
			);
			path = "Preview Content";
			sourceTree = "<group>";
		};
/* End PBXGroup section */

/* Begin PBXNativeTarget section */
		148019E22A9F56DC00E3C9A4 /* BucketList */ = {
			isa = PBXNativeTarget;
			buildConfigurationList = 148019F12A9F56DD00E3C9A4 /* Build configuration list for PBXNativeTarget "BucketList" */;
			buildPhases = (
				148019DF2A9F56DC00E3C9A4 /* Sources */,
				148019E02A9F56DC00E3C9A4 /* Frameworks */,
				148019E12A9F56DC00E3C9A4 /* Resources */,
			);
			buildRules = (
			);
			dependencies = (
			);
			name = BucketList;
			productName = BucketList;
			productReference = 148019E32A9F56DC00E3C9A4 /* BucketList.app */;
			productType = "com.apple.product-type.application";
		};
/* End PBXNativeTarget section */

/* Begin PBXProject section */
		148019DB2A9F56DC00E3C9A4 /* Project object */ = {
			isa = PBXProject;
			attributes = {
				BuildIndependentTargetsInParallel = 1;
				LastSwiftUpdateCheck = 1430;
				LastUpgradeCheck = 1430;
				TargetAttributes = {
					148019E22A9F56DC00E3C9A4 = {
						CreatedOnToolsVersion = 14.3.1;
					};
				};
			};
			buildConfigurationList = 148019DE2A9F56DC00E3C9A4 /* Build configuration list for PBXProject "BucketList" */;
			compatibilityVersion = "Xcode 14.0";
			developmentRegion = en;
			hasScannedForEncodings = 0;
			knownRegions = (
				en,
				Base,
			);
			mainGroup = 148019DA2A9F56DC00E3C9A4;
			productRefGroup = 148019E42A9F56DC00E3C9A4 /* Products */;
			projectDirPath = "";
			projectRoot = "";
			targets = (
				148019E22A9F56DC00E3C9A4 /* BucketList */,
			);
		};
/* End PBXProject section */

/* Begin PBXResourcesBuildPhase section */
		148019E12A9F56DC00E3C9A4 /* Resources */ = {
			isa = PBXResourcesBuildPhase;
			buildActionMask = 2147483647;
			files = (
				148019EE2A9F56DD00E3C9A4 /* Preview Assets.xcassets in Resources */,
				148019EB2A9F56DD00E3C9A4 /* Assets.xcassets in Resources */,
			);
			runOnlyForDeploymentPostprocessing = 0;
		};
/* End PBXResourcesBuildPhase section */

/* Begin PBXSourcesBuildPhase section */
		148019DF2A9F56DC00E3C9A4 /* Sources */ = {
			isa = PBXSourcesBuildPhase;
			buildActionMask = 2147483647;
			files = (
				140E1DA32AA0CB9A001A3B7C /* Results.swift in Sources */,
				142074192AA24F4900EE3CEE /* ViewModel-EV.swift in Sources */,
				148019E92A9F56DC00E3C9A4 /* ContentView.swift in Sources */,
				14518E4E2AA1294F00BF999B /* ViewModel-CV.swift in Sources */,
				14E66DF82A9FEAC900A7051C /* EditView.swift in Sources */,
				148019E72A9F56DC00E3C9A4 /* BucketListApp.swift in Sources */,
				14E66DF42A9FDCF500A7051C /* Location.swift in Sources */,
				148019F52A9F620C00E3C9A4 /* FileMangerExtension.swift in Sources */,
			);
			runOnlyForDeploymentPostprocessing = 0;
		};
/* End PBXSourcesBuildPhase section */

/* Begin XCBuildConfiguration section */
		148019EF2A9F56DD00E3C9A4 /* Debug */ = {
			isa = XCBuildConfiguration;
			buildSettings = {
				ALWAYS_SEARCH_USER_PATHS = NO;
				CLANG_ANALYZER_NONNULL = YES;
				CLANG_ANALYZER_NUMBER_OBJECT_CONVERSION = YES_AGGRESSIVE;
				CLANG_CXX_LANGUAGE_STANDARD = "gnu++20";
				CLANG_ENABLE_MODULES = YES;
				CLANG_ENABLE_OBJC_ARC = YES;
				CLANG_ENABLE_OBJC_WEAK = YES;
				CLANG_WARN_BLOCK_CAPTURE_AUTORELEASING = YES;
				CLANG_WARN_BOOL_CONVERSION = YES;
				CLANG_WARN_COMMA = YES;
				CLANG_WARN_CONSTANT_CONVERSION = YES;
				CLANG_WARN_DEPRECATED_OBJC_IMPLEMENTATIONS = YES;
				CLANG_WARN_DIRECT_OBJC_ISA_USAGE = YES_ERROR;
				CLANG_WARN_DOCUMENTATION_COMMENTS = YES;
				CLANG_WARN_EMPTY_BODY = YES;
				CLANG_WARN_ENUM_CONVERSION = YES;
				CLANG_WARN_INFINITE_RECURSION = YES;
				CLANG_WARN_INT_CONVERSION = YES;
				CLANG_WARN_NON_LITERAL_NULL_CONVERSION = YES;
				CLANG_WARN_OBJC_IMPLICIT_RETAIN_SELF = YES;
				CLANG_WARN_OBJC_LITERAL_CONVERSION = YES;
				CLANG_WARN_OBJC_ROOT_CLASS = YES_ERROR;
				CLANG_WARN_QUOTED_INCLUDE_IN_FRAMEWORK_HEADER = YES;
				CLANG_WARN_RANGE_LOOP_ANALYSIS = YES;
				CLANG_WARN_STRICT_PROTOTYPES = YES;
				CLANG_WARN_SUSPICIOUS_MOVE = YES;
				CLANG_WARN_UNGUARDED_AVAILABILITY = YES_AGGRESSIVE;
				CLANG_WARN_UNREACHABLE_CODE = YES;
				CLANG_WARN__DUPLICATE_METHOD_MATCH = YES;
				COPY_PHASE_STRIP = NO;
				DEBUG_INFORMATION_FORMAT = dwarf;
				ENABLE_STRICT_OBJC_MSGSEND = YES;
				ENABLE_TESTABILITY = YES;
				GCC_C_LANGUAGE_STANDARD = gnu11;
				GCC_DYNAMIC_NO_PIC = NO;
				GCC_NO_COMMON_BLOCKS = YES;
				GCC_OPTIMIZATION_LEVEL = 0;
				GCC_PREPROCESSOR_DEFINITIONS = (
					"DEBUG=1",
					"$(inherited)",
				);
				GCC_WARN_64_TO_32_BIT_CONVERSION = YES;
				GCC_WARN_ABOUT_RETURN_TYPE = YES_ERROR;
				GCC_WARN_UNDECLARED_SELECTOR = YES;
				GCC_WARN_UNINITIALIZED_AUTOS = YES_AGGRESSIVE;
				GCC_WARN_UNUSED_FUNCTION = YES;
				GCC_WARN_UNUSED_VARIABLE = YES;
				IPHONEOS_DEPLOYMENT_TARGET = 16.4;
				MTL_ENABLE_DEBUG_INFO = INCLUDE_SOURCE;
				MTL_FAST_MATH = YES;
				ONLY_ACTIVE_ARCH = YES;
				SDKROOT = iphoneos;
				SWIFT_ACTIVE_COMPILATION_CONDITIONS = DEBUG;
				SWIFT_OPTIMIZATION_LEVEL = "-Onone";
			};
			name = Debug;
		};
		148019F02A9F56DD00E3C9A4 /* Release */ = {
			isa = XCBuildConfiguration;
			buildSettings = {
				ALWAYS_SEARCH_USER_PATHS = NO;
				CLANG_ANALYZER_NONNULL = YES;
				CLANG_ANALYZER_NUMBER_OBJECT_CONVERSION = YES_AGGRESSIVE;
				CLANG_CXX_LANGUAGE_STANDARD = "gnu++20";
				CLANG_ENABLE_MODULES = YES;
				CLANG_ENABLE_OBJC_ARC = YES;
				CLANG_ENABLE_OBJC_WEAK = YES;
				CLANG_WARN_BLOCK_CAPTURE_AUTORELEASING = YES;
				CLANG_WARN_BOOL_CONVERSION = YES;
				CLANG_WARN_COMMA = YES;
				CLANG_WARN_CONSTANT_CONVERSION = YES;
				CLANG_WARN_DEPRECATED_OBJC_IMPLEMENTATIONS = YES;
				CLANG_WARN_DIRECT_OBJC_ISA_USAGE = YES_ERROR;
				CLANG_WARN_DOCUMENTATION_COMMENTS = YES;
				CLANG_WARN_EMPTY_BODY = YES;
				CLANG_WARN_ENUM_CONVERSION = YES;
				CLANG_WARN_INFINITE_RECURSION = YES;
				CLANG_WARN_INT_CONVERSION = YES;
				CLANG_WARN_NON_LITERAL_NULL_CONVERSION = YES;
				CLANG_WARN_OBJC_IMPLICIT_RETAIN_SELF = YES;
				CLANG_WARN_OBJC_LITERAL_CONVERSION = YES;
				CLANG_WARN_OBJC_ROOT_CLASS = YES_ERROR;
				CLANG_WARN_QUOTED_INCLUDE_IN_FRAMEWORK_HEADER = YES;
				CLANG_WARN_RANGE_LOOP_ANALYSIS = YES;
				CLANG_WARN_STRICT_PROTOTYPES = YES;
				CLANG_WARN_SUSPICIOUS_MOVE = YES;
				CLANG_WARN_UNGUARDED_AVAILABILITY = YES_AGGRESSIVE;
				CLANG_WARN_UNREACHABLE_CODE = YES;
				CLANG_WARN__DUPLICATE_METHOD_MATCH = YES;
				COPY_PHASE_STRIP = NO;
				DEBUG_INFORMATION_FORMAT = "dwarf-with-dsym";
				ENABLE_NS_ASSERTIONS = NO;
				ENABLE_STRICT_OBJC_MSGSEND = YES;
				GCC_C_LANGUAGE_STANDARD = gnu11;
				GCC_NO_COMMON_BLOCKS = YES;
				GCC_WARN_64_TO_32_BIT_CONVERSION = YES;
				GCC_WARN_ABOUT_RETURN_TYPE = YES_ERROR;
				GCC_WARN_UNDECLARED_SELECTOR = YES;
				GCC_WARN_UNINITIALIZED_AUTOS = YES_AGGRESSIVE;
				GCC_WARN_UNUSED_FUNCTION = YES;
				GCC_WARN_UNUSED_VARIABLE = YES;
				IPHONEOS_DEPLOYMENT_TARGET = 16.4;
				MTL_ENABLE_DEBUG_INFO = NO;
				MTL_FAST_MATH = YES;
				SDKROOT = iphoneos;
				SWIFT_COMPILATION_MODE = wholemodule;
				SWIFT_OPTIMIZATION_LEVEL = "-O";
				VALIDATE_PRODUCT = YES;
			};
			name = Release;
		};
		148019F22A9F56DD00E3C9A4 /* Debug */ = {
			isa = XCBuildConfiguration;
			buildSettings = {
				ASSETCATALOG_COMPILER_APPICON_NAME = AppIcon;
				ASSETCATALOG_COMPILER_GLOBAL_ACCENT_COLOR_NAME = AccentColor;
				CODE_SIGN_STYLE = Automatic;
				CURRENT_PROJECT_VERSION = 1;
				DEVELOPMENT_ASSET_PATHS = "\"BucketList/Preview Content\"";
				DEVELOPMENT_TEAM = 2SS9FAQ8LA;
				ENABLE_PREVIEWS = YES;
				GENERATE_INFOPLIST_FILE = YES;
				INFOPLIST_KEY_NSFaceIDUsageDescription = "Please Unlock to get your data";
				INFOPLIST_KEY_UIApplicationSceneManifest_Generation = YES;
				INFOPLIST_KEY_UIApplicationSupportsIndirectInputEvents = YES;
				INFOPLIST_KEY_UILaunchScreen_Generation = YES;
				INFOPLIST_KEY_UISupportedInterfaceOrientations_iPad = "UIInterfaceOrientationPortrait UIInterfaceOrientationPortraitUpsideDown UIInterfaceOrientationLandscapeLeft UIInterfaceOrientationLandscapeRight";
				INFOPLIST_KEY_UISupportedInterfaceOrientations_iPhone = "UIInterfaceOrientationPortrait UIInterfaceOrientationLandscapeLeft UIInterfaceOrientationLandscapeRight";
				LD_RUNPATH_SEARCH_PATHS = (
					"$(inherited)",
					"@executable_path/Frameworks",
				);
				MARKETING_VERSION = 1.0;
				PRODUCT_BUNDLE_IDENTIFIER = com.Mohanad.BucketList;
				PRODUCT_NAME = "$(TARGET_NAME)";
				SWIFT_EMIT_LOC_STRINGS = YES;
				SWIFT_VERSION = 5.0;
				TARGETED_DEVICE_FAMILY = "1,2";
			};
			name = Debug;
		};
		148019F32A9F56DD00E3C9A4 /* Release */ = {
			isa = XCBuildConfiguration;
			buildSettings = {
				ASSETCATALOG_COMPILER_APPICON_NAME = AppIcon;
				ASSETCATALOG_COMPILER_GLOBAL_ACCENT_COLOR_NAME = AccentColor;
				CODE_SIGN_STYLE = Automatic;
				CURRENT_PROJECT_VERSION = 1;
				DEVELOPMENT_ASSET_PATHS = "\"BucketList/Preview Content\"";
				DEVELOPMENT_TEAM = 2SS9FAQ8LA;
				ENABLE_PREVIEWS = YES;
				GENERATE_INFOPLIST_FILE = YES;
				INFOPLIST_KEY_NSFaceIDUsageDescription = "Please Unlock to get your data";
				INFOPLIST_KEY_UIApplicationSceneManifest_Generation = YES;
				INFOPLIST_KEY_UIApplicationSupportsIndirectInputEvents = YES;
				INFOPLIST_KEY_UILaunchScreen_Generation = YES;
				INFOPLIST_KEY_UISupportedInterfaceOrientations_iPad = "UIInterfaceOrientationPortrait UIInterfaceOrientationPortraitUpsideDown UIInterfaceOrientationLandscapeLeft UIInterfaceOrientationLandscapeRight";
				INFOPLIST_KEY_UISupportedInterfaceOrientations_iPhone = "UIInterfaceOrientationPortrait UIInterfaceOrientationLandscapeLeft UIInterfaceOrientationLandscapeRight";
				LD_RUNPATH_SEARCH_PATHS = (
					"$(inherited)",
					"@executable_path/Frameworks",
				);
				MARKETING_VERSION = 1.0;
				PRODUCT_BUNDLE_IDENTIFIER = com.Mohanad.BucketList;
				PRODUCT_NAME = "$(TARGET_NAME)";
				SWIFT_EMIT_LOC_STRINGS = YES;
				SWIFT_VERSION = 5.0;
				TARGETED_DEVICE_FAMILY = "1,2";
			};
			name = Release;
		};
/* End XCBuildConfiguration section */

/* Begin XCConfigurationList section */
		148019DE2A9F56DC00E3C9A4 /* Build configuration list for PBXProject "BucketList" */ = {
			isa = XCConfigurationList;
			buildConfigurations = (
				148019EF2A9F56DD00E3C9A4 /* Debug */,
				148019F02A9F56DD00E3C9A4 /* Release */,
			);
			defaultConfigurationIsVisible = 0;
			defaultConfigurationName = Release;
		};
		148019F12A9F56DD00E3C9A4 /* Build configuration list for PBXNativeTarget "BucketList" */ = {
			isa = XCConfigurationList;
			buildConfigurations = (
				148019F22A9F56DD00E3C9A4 /* Debug */,
				148019F32A9F56DD00E3C9A4 /* Release */,
			);
			defaultConfigurationIsVisible = 0;
			defaultConfigurationName = Release;
		};
/* End XCConfigurationList section */
	};
	rootObject = 148019DB2A9F56DC00E3C9A4 /* Project object */;
}
